{
    "name": "nod2",
    "lockfileVersion": 2,
    "requires": true,
    "packages": {
        "": {
            "devDependencies": {
                "chalk": "^5.0.1",
                "getopts": "^2.3.0",
                "luxon": "^2.4.0",
                "tar": "^6.1.11",
                "underscore": "^1.13.4"
            }
        },
        "node_modules/chalk": {
            "version": "5.0.1",
            "resolved": "https://registry.npmjs.org/chalk/-/chalk-5.0.1.tgz",
            "integrity": "sha512-Fo07WOYGqMfCWHOzSXOt2CxDbC6skS/jO9ynEcmpANMoPrD+W1r1K6Vx7iNm+AQmETU1Xr2t+n8nzkV9t6xh3w==",
            "dev": true,
            "engines": {
                "node": "^12.17.0 || ^14.13 || >=16.0.0"
            },
            "funding": {
                "url": "https://github.com/chalk/chalk?sponsor=1"
            }
        },
        "node_modules/chownr": {
            "version": "2.0.0",
            "resolved": "https://registry.npmjs.org/chownr/-/chownr-2.0.0.tgz",
            "integrity": "sha512-bIomtDF5KGpdogkLd9VspvFzk9KfpyyGlS8YFVZl7TGPBHL5snIOnxeshwVgPteQ9b4Eydl+pVbIyE1DcvCWgQ==",
            "dev": true,
            "engines": {
                "node": ">=10"
            }
        },
        "node_modules/fs-minipass": {
            "version": "2.1.0",
            "resolved": "https://registry.npmjs.org/fs-minipass/-/fs-minipass-2.1.0.tgz",
            "integrity": "sha512-V/JgOLFCS+R6Vcq0slCuaeWEdNC3ouDlJMNIsacH2VtALiu9mV4LPrHc5cDl8k5aw6J8jwgWWpiTo5RYhmIzvg==",
            "dev": true,
            "dependencies": {
                "minipass": "^3.0.0"
            },
            "engines": {
                "node": ">= 8"
            }
        },
        "node_modules/getopts": {
            "version": "2.3.0",
            "resolved": "https://registry.npmjs.org/getopts/-/getopts-2.3.0.tgz",
            "integrity": "sha512-5eDf9fuSXwxBL6q5HX+dhDj+dslFGWzU5thZ9kNKUkcPtaPdatmUFKwHFrLb/uf/WpA4BHET+AX3Scl56cAjpA==",
            "dev": true
        },
        "node_modules/luxon": {
            "version": "2.4.0",
            "resolved": "https://registry.npmjs.org/luxon/-/luxon-2.4.0.tgz",
            "integrity": "sha512-w+NAwWOUL5hO0SgwOHsMBAmZ15SoknmQXhSO0hIbJCAmPKSsGeK8MlmhYh2w6Iib38IxN2M+/ooXWLbeis7GuA==",
            "dev": true,
            "engines": {
                "node": ">=12"
            }
        },
        "node_modules/minipass": {
            "version": "3.1.6",
            "resolved": "https://registry.npmjs.org/minipass/-/minipass-3.1.6.tgz",
            "integrity": "sha512-rty5kpw9/z8SX9dmxblFA6edItUmwJgMeYDZRrwlIVN27i8gysGbznJwUggw2V/FVqFSDdWy040ZPS811DYAqQ==",
            "dev": true,
            "dependencies": {
                "yallist": "^4.0.0"
            },
            "engines": {
                "node": ">=8"
            }
        },
        "node_modules/minizlib": {
            "version": "2.1.2",
            "resolved": "https://registry.npmjs.org/minizlib/-/minizlib-2.1.2.tgz",
            "integrity": "sha512-bAxsR8BVfj60DWXHE3u30oHzfl4G7khkSuPW+qvpd7jFRHm7dLxOjUk1EHACJ/hxLY8phGJ0YhYHZo7jil7Qdg==",
            "dev": true,
            "dependencies": {
                "minipass": "^3.0.0",
                "yallist": "^4.0.0"
            },
            "engines": {
                "node": ">= 8"
            }
        },
        "node_modules/mkdirp": {
            "version": "1.0.4",
            "resolved": "https://registry.npmjs.org/mkdirp/-/mkdirp-1.0.4.tgz",
            "integrity": "sha512-vVqVZQyf3WLx2Shd0qJ9xuvqgAyKPLAiqITEtqW0oIUjzo3PePDd6fW9iFz30ef7Ysp/oiWqbhszeGWW2T6Gzw==",
            "dev": true,
            "bin": {
                "mkdirp": "bin/cmd.js"
            },
            "engines": {
                "node": ">=10"
            }
        },
        "node_modules/tar": {
            "version": "6.1.11",
            "resolved": "https://registry.npmjs.org/tar/-/tar-6.1.11.tgz",
            "integrity": "sha512-an/KZQzQUkZCkuoAA64hM92X0Urb6VpRhAFllDzz44U2mcD5scmT3zBc4VgVpkugF580+DQn8eAFSyoQt0tznA==",
            "dev": true,
            "dependencies": {
                "chownr": "^2.0.0",
                "fs-minipass": "^2.0.0",
                "minipass": "^3.0.0",
                "minizlib": "^2.1.1",
                "mkdirp": "^1.0.3",
                "yallist": "^4.0.0"
            },
            "engines": {
                "node": ">= 10"
            }
        },
        "node_modules/underscore": {
            "version": "1.13.4",
            "resolved": "https://registry.npmjs.org/underscore/-/underscore-1.13.4.tgz",
            "integrity": "sha512-BQFnUDuAQ4Yf/cYY5LNrK9NCJFKriaRbD9uR1fTeXnBeoa97W0i41qkZfGO9pSo8I5KzjAcSY2XYtdf0oKd7KQ==",
            "dev": true
        },
        "node_modules/yallist": {
            "version": "4.0.0",
            "resolved": "https://registry.npmjs.org/yallist/-/yallist-4.0.0.tgz",
            "integrity": "sha512-3wdGidZyq5PB084XLES5TpOSRA3wjXAlIWMhum2kRcv/41Sn2emQ0dycQW4uZXLejwKvg6EsvbdlVL+FYEct7A==",
            "dev": true
        }
    },
    "dependencies": {
        "chalk": {
            "version": "5.0.1",
            "resolved": "https://registry.npmjs.org/chalk/-/chalk-5.0.1.tgz",
            "integrity": "sha512-Fo07WOYGqMfCWHOzSXOt2CxDbC6skS/jO9ynEcmpANMoPrD+W1r1K6Vx7iNm+AQmETU1Xr2t+n8nzkV9t6xh3w==",
            "dev": true
        },
        "chownr": {
            "version": "2.0.0",
            "resolved": "https://registry.npmjs.org/chownr/-/chownr-2.0.0.tgz",
            "integrity": "sha512-bIomtDF5KGpdogkLd9VspvFzk9KfpyyGlS8YFVZl7TGPBHL5snIOnxeshwVgPteQ9b4Eydl+pVbIyE1DcvCWgQ==",
            "dev": true
        },
        "fs-minipass": {
            "version": "2.1.0",
            "resolved": "https://registry.npmjs.org/fs-minipass/-/fs-minipass-2.1.0.tgz",
            "integrity": "sha512-V/JgOLFCS+R6Vcq0slCuaeWEdNC3ouDlJMNIsacH2VtALiu9mV4LPrHc5cDl8k5aw6J8jwgWWpiTo5RYhmIzvg==",
            "dev": true,
            "requires": {
                "minipass": "^3.0.0"
            }
        },
        "getopts": {
            "version": "2.3.0",
            "resolved": "https://registry.npmjs.org/getopts/-/getopts-2.3.0.tgz",
            "integrity": "sha512-5eDf9fuSXwxBL6q5HX+dhDj+dslFGWzU5thZ9kNKUkcPtaPdatmUFKwHFrLb/uf/WpA4BHET+AX3Scl56cAjpA==",
            "dev": true
        },
        "luxon": {
            "version": "2.4.0",
            "resolved": "https://registry.npmjs.org/luxon/-/luxon-2.4.0.tgz",
            "integrity": "sha512-w+NAwWOUL5hO0SgwOHsMBAmZ15SoknmQXhSO0hIbJCAmPKSsGeK8MlmhYh2w6Iib38IxN2M+/ooXWLbeis7GuA==",
            "dev": true
        },
        "minipass": {
            "version": "3.1.6",
            "resolved": "https://registry.npmjs.org/minipass/-/minipass-3.1.6.tgz",
            "integrity": "sha512-rty5kpw9/z8SX9dmxblFA6edItUmwJgMeYDZRrwlIVN27i8gysGbznJwUggw2V/FVqFSDdWy040ZPS811DYAqQ==",
            "dev": true,
            "requires": {
                "yallist": "^4.0.0"
            }
        },
        "minizlib": {
            "version": "2.1.2",
            "resolved": "https://registry.npmjs.org/minizlib/-/minizlib-2.1.2.tgz",
            "integrity": "sha512-bAxsR8BVfj60DWXHE3u30oHzfl4G7khkSuPW+qvpd7jFRHm7dLxOjUk1EHACJ/hxLY8phGJ0YhYHZo7jil7Qdg==",
            "dev": true,
            "requires": {
                "minipass": "^3.0.0",
                "yallist": "^4.0.0"
            }
        },
        "mkdirp": {
            "version": "1.0.4",
            "resolved": "https://registry.npmjs.org/mkdirp/-/mkdirp-1.0.4.tgz",
            "integrity": "sha512-vVqVZQyf3WLx2Shd0qJ9xuvqgAyKPLAiqITEtqW0oIUjzo3PePDd6fW9iFz30ef7Ysp/oiWqbhszeGWW2T6Gzw==",
            "dev": true
        },
        "tar": {
            "version": "6.1.11",
            "resolved": "https://registry.npmjs.org/tar/-/tar-6.1.11.tgz",
            "integrity": "sha512-an/KZQzQUkZCkuoAA64hM92X0Urb6VpRhAFllDzz44U2mcD5scmT3zBc4VgVpkugF580+DQn8eAFSyoQt0tznA==",
            "dev": true,
            "requires": {
                "chownr": "^2.0.0",
                "fs-minipass": "^2.0.0",
                "minipass": "^3.0.0",
                "minizlib": "^2.1.1",
                "mkdirp": "^1.0.3",
                "yallist": "^4.0.0"
            }
        },
        "underscore": {
            "version": "1.13.4",
            "resolved": "https://registry.npmjs.org/underscore/-/underscore-1.13.4.tgz",
            "integrity": "sha512-BQFnUDuAQ4Yf/cYY5LNrK9NCJFKriaRbD9uR1fTeXnBeoa97W0i41qkZfGO9pSo8I5KzjAcSY2XYtdf0oKd7KQ==",
            "dev": true
        },
        "yallist": {
            "version": "4.0.0",
            "resolved": "https://registry.npmjs.org/yallist/-/yallist-4.0.0.tgz",
            "integrity": "sha512-3wdGidZyq5PB084XLES5TpOSRA3wjXAlIWMhum2kRcv/41Sn2emQ0dycQW4uZXLejwKvg6EsvbdlVL+FYEct7A==",
            "dev": true
        }
    }
}
